
Microsoft Visual Studio Solution File, Format Version 10.00
# Visual Studio 2008
Project("{FAE04EC0-301F-11D3-BF4B-00C04F79EFBC}") = "StringCalculator_Kata", "StringCalculator_Kata\StringCalculator_Kata.csproj", "{947FFA5D-37EE-402B-9DD3-DA30890E5C96}"
EndProject
Global
	GlobalSection(SolutionConfigurationPlatforms) = preSolution
		Debug|Any CPU = Debug|Any CPU
		Release|Any CPU = Release|Any CPU
	EndGlobalSection
	GlobalSection(ProjectConfigurationPlatforms) = postSolution
		{947FFA5D-37EE-402B-9DD3-DA30890E5C96}.Debug|Any CPU.ActiveCfg = Debug|Any CPU
		{947FFA5D-37EE-402B-9DD3-DA30890E5C96}.Debug|Any CPU.Build.0 = Debug|Any CPU
		{947FFA5D-37EE-402B-9DD3-DA30890E5C96}.Release|Any CPU.ActiveCfg = Release|Any CPU
		{947FFA5D-37EE-402B-9DD3-DA30890E5C96}.Release|Any CPU.Build.0 = Release|Any CPU
	EndGlobalSection
	GlobalSection(SolutionProperties) = preSolution
		HideSolutionNode = FALSE
	EndGlobalSection
EndGlobal
